
Microsoft Visual Studio Solution File, Format Version 12.00
# Visual Studio Version 16
VisualStudioVersion = 16.0.30114.105
MinimumVisualStudioVersion = 10.0.40219.1
Project("{9A19103F-16F7-4668-BE54-9A1E7A4F7556}") = "CoTEC-Server", "CoTEC-Server.csproj", "{073CBB0E-F7FE-4F08-8ECD-B06F3D36BB93}"
EndProject
Project("{159641D6-6404-4A2A-AE62-294DE0FE8301}") = "dts", "..\dts\dts.dtproj", "{02BB9D8F-CAE7-4DEB-ABAF-72E116BF0097}"
EndProject
Global
	GlobalSection(SolutionConfigurationPlatforms) = preSolution
		Debug|Any CPU = Debug|Any CPU
		Development|Any CPU = Development|Any CPU
		Release|Any CPU = Release|Any CPU
	EndGlobalSection
	GlobalSection(ProjectConfigurationPlatforms) = postSolution
		{073CBB0E-F7FE-4F08-8ECD-B06F3D36BB93}.Debug|Any CPU.ActiveCfg = Debug|Any CPU
		{073CBB0E-F7FE-4F08-8ECD-B06F3D36BB93}.Debug|Any CPU.Build.0 = Debug|Any CPU
		{073CBB0E-F7FE-4F08-8ECD-B06F3D36BB93}.Development|Any CPU.ActiveCfg = Debug|Any CPU
		{073CBB0E-F7FE-4F08-8ECD-B06F3D36BB93}.Development|Any CPU.Build.0 = Debug|Any CPU
		{073CBB0E-F7FE-4F08-8ECD-B06F3D36BB93}.Release|Any CPU.ActiveCfg = Release|Any CPU
		{073CBB0E-F7FE-4F08-8ECD-B06F3D36BB93}.Release|Any CPU.Build.0 = Release|Any CPU
		{02BB9D8F-CAE7-4DEB-ABAF-72E116BF0097}.Debug|Any CPU.ActiveCfg = Development
		{02BB9D8F-CAE7-4DEB-ABAF-72E116BF0097}.Debug|Any CPU.Build.0 = Development
		{02BB9D8F-CAE7-4DEB-ABAF-72E116BF0097}.Development|Any CPU.ActiveCfg = Development
		{02BB9D8F-CAE7-4DEB-ABAF-72E116BF0097}.Development|Any CPU.Build.0 = Development
		{02BB9D8F-CAE7-4DEB-ABAF-72E116BF0097}.Release|Any CPU.ActiveCfg = Development
		{02BB9D8F-CAE7-4DEB-ABAF-72E116BF0097}.Release|Any CPU.Build.0 = Development
	EndGlobalSection
	GlobalSection(SolutionProperties) = preSolution
		HideSolutionNode = FALSE
	EndGlobalSection
	GlobalSection(ExtensibilityGlobals) = postSolution
		SolutionGuid = {9689AA78-BBB6-4941-BA47-FC3648E0DDFC}
	EndGlobalSection
EndGlobal
